
Microsoft Visual Studio Solution File, Format Version 12.00
# Visual Studio Version 17
VisualStudioVersion = 17.13.35507.96 d17.13
MinimumVisualStudioVersion = 10.0.40219.1
Project("{FAE04EC0-301F-11D3-BF4B-00C04F79EFBC}") = "AdventOfCode", "AdventOfCode\AdventOfCode.csproj", "{1E561837-4779-4E79-863F-1FE77BA96E53}"
EndProject
Global
	GlobalSection(SolutionConfigurationPlatforms) = preSolution
		Debug|Any CPU = Debug|Any CPU
		Release|Any CPU = Release|Any CPU
	EndGlobalSection
	GlobalSection(ProjectConfigurationPlatforms) = postSolution
		{1E561837-4779-4E79-863F-1FE77BA96E53}.Debug|Any CPU.ActiveCfg = Debug|Any CPU
		{1E561837-4779-4E79-863F-1FE77BA96E53}.Debug|Any CPU.Build.0 = Debug|Any CPU
		{1E561837-4779-4E79-863F-1FE77BA96E53}.Release|Any CPU.ActiveCfg = Release|Any CPU
		{1E561837-4779-4E79-863F-1FE77BA96E53}.Release|Any CPU.Build.0 = Release|Any CPU
	EndGlobalSection
	GlobalSection(SolutionProperties) = preSolution
		HideSolutionNode = FALSE
	EndGlobalSection
	GlobalSection(ExtensibilityGlobals) = postSolution
		SolutionGuid = {A7105DEA-D65C-4C44-9D92-6937417DBCC8}
	EndGlobalSection
EndGlobal
